// !$*UTF8*$!
{
	archiveVersion = 1;
	classes = {
	};
	objectVersion = 46;
	objects = {

/* Begin PBXBuildFile section */
		8511EEA21F6663A100485EDB /* AppDelegate.swift in Sources */ = {isa = PBXBuildFile; fileRef = 8511EEA11F6663A100485EDB /* AppDelegate.swift */; };
		8511EEA91F6663A100485EDB /* Assets.xcassets in Resources */ = {isa = PBXBuildFile; fileRef = 8511EEA81F6663A100485EDB /* Assets.xcassets */; };
		8511EEAC1F6663A100485EDB /* LaunchScreen.storyboard in Resources */ = {isa = PBXBuildFile; fileRef = 8511EEAA1F6663A100485EDB /* LaunchScreen.storyboard */; };
		8511EEB71F6663A100485EDB /* FancyCCTVTests.swift in Sources */ = {isa = PBXBuildFile; fileRef = 8511EEB61F6663A100485EDB /* FancyCCTVTests.swift */; };
		8511EEC71F66644F00485EDB /* IJKMediaFramework.framework in Frameworks */ = {isa = PBXBuildFile; fileRef = 8511EEC21F66644F00485EDB /* IJKMediaFramework.framework */; };
		8511EEC81F66644F00485EDB /* RootViewController.swift in Sources */ = {isa = PBXBuildFile; fileRef = 8511EEC41F66644F00485EDB /* RootViewController.swift */; };
		8511EEC91F66644F00485EDB /* LeftTableView.swift in Sources */ = {isa = PBXBuildFile; fileRef = 8511EEC61F66644F00485EDB /* LeftTableView.swift */; };
		8511EECC1F6664BC00485EDB /* libstdc++.tbd in Frameworks */ = {isa = PBXBuildFile; fileRef = 8511EECB1F6664BC00485EDB /* libstdc++.tbd */; };
		8511EECE1F6664C400485EDB /* VideoToolbox.framework in Frameworks */ = {isa = PBXBuildFile; fileRef = 8511EECD1F6664C400485EDB /* VideoToolbox.framework */; };
		8511EED01F6664C900485EDB /* UIKit.framework in Frameworks */ = {isa = PBXBuildFile; fileRef = 8511EECF1F6664C900485EDB /* UIKit.framework */; };
		8511EED21F6664D300485EDB /* QuartzCore.framework in Frameworks */ = {isa = PBXBuildFile; fileRef = 8511EED11F6664D300485EDB /* QuartzCore.framework */; };
		8511EED41F6664DB00485EDB /* OpenGLES.framework in Frameworks */ = {isa = PBXBuildFile; fileRef = 8511EED31F6664DB00485EDB /* OpenGLES.framework */; };
		8511EED61F6664E300485EDB /* MobileCoreServices.framework in Frameworks */ = {isa = PBXBuildFile; fileRef = 8511EED51F6664E300485EDB /* MobileCoreServices.framework */; };
		8511EED81F6664F000485EDB /* MediaPlayer.framework in Frameworks */ = {isa = PBXBuildFile; fileRef = 8511EED71F6664F000485EDB /* MediaPlayer.framework */; };
		8511EEDA1F6664F700485EDB /* libz.tbd in Frameworks */ = {isa = PBXBuildFile; fileRef = 8511EED91F6664F700485EDB /* libz.tbd */; };
		8511EEDC1F66650100485EDB /* libbz2.tbd in Frameworks */ = {isa = PBXBuildFile; fileRef = 8511EEDB1F66650100485EDB /* libbz2.tbd */; };
		8511EEDE1F66651C00485EDB /* CoreVideo.framework in Frameworks */ = {isa = PBXBuildFile; fileRef = 8511EEDD1F66651C00485EDB /* CoreVideo.framework */; };
		8511EEE01F66652300485EDB /* CoreMedia.framework in Frameworks */ = {isa = PBXBuildFile; fileRef = 8511EEDF1F66652300485EDB /* CoreMedia.framework */; };
		8511EEE21F66652B00485EDB /* CoreGraphics.framework in Frameworks */ = {isa = PBXBuildFile; fileRef = 8511EEE11F66652B00485EDB /* CoreGraphics.framework */; };
		8511EEE41F66653200485EDB /* AVFoundation.framework in Frameworks */ = {isa = PBXBuildFile; fileRef = 8511EEE31F66653200485EDB /* AVFoundation.framework */; };
		8511EEE61F66653A00485EDB /* AudioToolbox.framework in Frameworks */ = {isa = PBXBuildFile; fileRef = 8511EEE51F66653A00485EDB /* AudioToolbox.framework */; };
/* End PBXBuildFile section */

/* Begin PBXContainerItemProxy section */
		8511EEB31F6663A100485EDB /* PBXContainerItemProxy */ = {
			isa = PBXContainerItemProxy;
			containerPortal = 8511EE961F6663A100485EDB /* Project object */;
			proxyType = 1;
			remoteGlobalIDString = 8511EE9D1F6663A100485EDB;
			remoteInfo = FancyCCTV;
		};
/* End PBXContainerItemProxy section */

/* Begin PBXFileReference section */
		8511EE9E1F6663A100485EDB /* FancyCCTV.app */ = {isa = PBXFileReference; explicitFileType = wrapper.application; includeInIndex = 0; path = FancyCCTV.app; sourceTree = BUILT_PRODUCTS_DIR; };
		8511EEA11F6663A100485EDB /* AppDelegate.swift */ = {isa = PBXFileReference; lastKnownFileType = sourcecode.swift; path = AppDelegate.swift; sourceTree = "<group>"; };
		8511EEA81F6663A100485EDB /* Assets.xcassets */ = {isa = PBXFileReference; lastKnownFileType = folder.assetcatalog; path = Assets.xcassets; sourceTree = "<group>"; };
		8511EEAB1F6663A100485EDB /* Base */ = {isa = PBXFileReference; lastKnownFileType = file.storyboard; name = Base; path = Base.lproj/LaunchScreen.storyboard; sourceTree = "<group>"; };
		8511EEAD1F6663A100485EDB /* Info.plist */ = {isa = PBXFileReference; lastKnownFileType = text.plist.xml; path = Info.plist; sourceTree = "<group>"; };
		8511EEB21F6663A100485EDB /* FancyCCTVTests.xctest */ = {isa = PBXFileReference; explicitFileType = wrapper.cfbundle; includeInIndex = 0; path = FancyCCTVTests.xctest; sourceTree = BUILT_PRODUCTS_DIR; };
		8511EEB61F6663A100485EDB /* FancyCCTVTests.swift */ = {isa = PBXFileReference; lastKnownFileType = sourcecode.swift; path = FancyCCTVTests.swift; sourceTree = "<group>"; };
		8511EEB81F6663A100485EDB /* Info.plist */ = {isa = PBXFileReference; lastKnownFileType = text.plist.xml; path = Info.plist; sourceTree = "<group>"; };
		8511EEC21F66644F00485EDB /* IJKMediaFramework.framework */ = {isa = PBXFileReference; lastKnownFileType = wrapper.framework; path = IJKMediaFramework.framework; sourceTree = "<group>"; };
		8511EEC41F66644F00485EDB /* RootViewController.swift */ = {isa = PBXFileReference; fileEncoding = 4; lastKnownFileType = sourcecode.swift; path = RootViewController.swift; sourceTree = "<group>"; };
		8511EEC61F66644F00485EDB /* LeftTableView.swift */ = {isa = PBXFileReference; fileEncoding = 4; lastKnownFileType = sourcecode.swift; path = LeftTableView.swift; sourceTree = "<group>"; };
		8511EECB1F6664BC00485EDB /* libstdc++.tbd */ = {isa = PBXFileReference; lastKnownFileType = "sourcecode.text-based-dylib-definition"; name = "libstdc++.tbd"; path = "usr/lib/libstdc++.tbd"; sourceTree = SDKROOT; };
		8511EECD1F6664C400485EDB /* VideoToolbox.framework */ = {isa = PBXFileReference; lastKnownFileType = wrapper.framework; name = VideoToolbox.framework; path = System/Library/Frameworks/VideoToolbox.framework; sourceTree = SDKROOT; };
		8511EECF1F6664C900485EDB /* UIKit.framework */ = {isa = PBXFileReference; lastKnownFileType = wrapper.framework; name = UIKit.framework; path = System/Library/Frameworks/UIKit.framework; sourceTree = SDKROOT; };
		8511EED11F6664D300485EDB /* QuartzCore.framework */ = {isa = PBXFileReference; lastKnownFileType = wrapper.framework; name = QuartzCore.framework; path = System/Library/Frameworks/QuartzCore.framework; sourceTree = SDKROOT; };
		8511EED31F6664DB00485EDB /* OpenGLES.framework */ = {isa = PBXFileReference; lastKnownFileType = wrapper.framework; name = OpenGLES.framework; path = System/Library/Frameworks/OpenGLES.framework; sourceTree = SDKROOT; };
		8511EED51F6664E300485EDB /* MobileCoreServices.framework */ = {isa = PBXFileReference; lastKnownFileType = wrapper.framework; name = MobileCoreServices.framework; path = System/Library/Frameworks/MobileCoreServices.framework; sourceTree = SDKROOT; };
		8511EED71F6664F000485EDB /* MediaPlayer.framework */ = {isa = PBXFileReference; lastKnownFileType = wrapper.framework; name = MediaPlayer.framework; path = System/Library/Frameworks/MediaPlayer.framework; sourceTree = SDKROOT; };
		8511EED91F6664F700485EDB /* libz.tbd */ = {isa = PBXFileReference; lastKnownFileType = "sourcecode.text-based-dylib-definition"; name = libz.tbd; path = usr/lib/libz.tbd; sourceTree = SDKROOT; };
		8511EEDB1F66650100485EDB /* libbz2.tbd */ = {isa = PBXFileReference; lastKnownFileType = "sourcecode.text-based-dylib-definition"; name = libbz2.tbd; path = usr/lib/libbz2.tbd; sourceTree = SDKROOT; };
		8511EEDD1F66651C00485EDB /* CoreVideo.framework */ = {isa = PBXFileReference; lastKnownFileType = wrapper.framework; name = CoreVideo.framework; path = System/Library/Frameworks/CoreVideo.framework; sourceTree = SDKROOT; };
		8511EEDF1F66652300485EDB /* CoreMedia.framework */ = {isa = PBXFileReference; lastKnownFileType = wrapper.framework; name = CoreMedia.framework; path = System/Library/Frameworks/CoreMedia.framework; sourceTree = SDKROOT; };
		8511EEE11F66652B00485EDB /* CoreGraphics.framework */ = {isa = PBXFileReference; lastKnownFileType = wrapper.framework; name = CoreGraphics.framework; path = System/Library/Frameworks/CoreGraphics.framework; sourceTree = SDKROOT; };
		8511EEE31F66653200485EDB /* AVFoundation.framework */ = {isa = PBXFileReference; lastKnownFileType = wrapper.framework; name = AVFoundation.framework; path = System/Library/Frameworks/AVFoundation.framework; sourceTree = SDKROOT; };
		8511EEE51F66653A00485EDB /* AudioToolbox.framework */ = {isa = PBXFileReference; lastKnownFileType = wrapper.framework; name = AudioToolbox.framework; path = System/Library/Frameworks/AudioToolbox.framework; sourceTree = SDKROOT; };
/* End PBXFileReference section */

/* Begin PBXFrameworksBuildPhase section */
		8511EE9B1F6663A100485EDB /* Frameworks */ = {
			isa = PBXFrameworksBuildPhase;
			buildActionMask = 2147483647;
			files = (
				8511EEE61F66653A00485EDB /* AudioToolbox.framework in Frameworks */,
				8511EEE41F66653200485EDB /* AVFoundation.framework in Frameworks */,
				8511EEE21F66652B00485EDB /* CoreGraphics.framework in Frameworks */,
				8511EEE01F66652300485EDB /* CoreMedia.framework in Frameworks */,
				8511EEDE1F66651C00485EDB /* CoreVideo.framework in Frameworks */,
				8511EEDC1F66650100485EDB /* libbz2.tbd in Frameworks */,
				8511EEDA1F6664F700485EDB /* libz.tbd in Frameworks */,
				8511EED81F6664F000485EDB /* MediaPlayer.framework in Frameworks */,
				8511EED61F6664E300485EDB /* MobileCoreServices.framework in Frameworks */,
				8511EED41F6664DB00485EDB /* OpenGLES.framework in Frameworks */,
				8511EED21F6664D300485EDB /* QuartzCore.framework in Frameworks */,
				8511EED01F6664C900485EDB /* UIKit.framework in Frameworks */,
				8511EECE1F6664C400485EDB /* VideoToolbox.framework in Frameworks */,
				8511EECC1F6664BC00485EDB /* libstdc++.tbd in Frameworks */,
				8511EEC71F66644F00485EDB /* IJKMediaFramework.framework in Frameworks */,
			);
			runOnlyForDeploymentPostprocessing = 0;
		};
		8511EEAF1F6663A100485EDB /* Frameworks */ = {
			isa = PBXFrameworksBuildPhase;
			buildActionMask = 2147483647;
			files = (
			);
			runOnlyForDeploymentPostprocessing = 0;
		};
/* End PBXFrameworksBuildPhase section */

/* Begin PBXGroup section */
		8511EE951F6663A100485EDB = {
			isa = PBXGroup;
			children = (
				8511EEA01F6663A100485EDB /* FancyCCTV */,
				8511EEB51F6663A100485EDB /* FancyCCTVTests */,
				8511EE9F1F6663A100485EDB /* Products */,
				8511EECA1F6664BC00485EDB /* Frameworks */,
			);
			sourceTree = "<group>";
		};
		8511EE9F1F6663A100485EDB /* Products */ = {
			isa = PBXGroup;
			children = (
				8511EE9E1F6663A100485EDB /* FancyCCTV.app */,
				8511EEB21F6663A100485EDB /* FancyCCTVTests.xctest */,
			);
			name = Products;
			sourceTree = "<group>";
		};
		8511EEA01F6663A100485EDB /* FancyCCTV */ = {
			isa = PBXGroup;
			children = (
				8511EEA11F6663A100485EDB /* AppDelegate.swift */,
				8511EEC11F66644F00485EDB /* Frameworks */,
				8511EEC31F66644F00485EDB /* ViewControllers */,
				8511EEC51F66644F00485EDB /* Views */,
				8511EEA81F6663A100485EDB /* Assets.xcassets */,
				8511EEAA1F6663A100485EDB /* LaunchScreen.storyboard */,
				8511EEAD1F6663A100485EDB /* Info.plist */,
			);
			path = FancyCCTV;
			sourceTree = "<group>";
		};
		8511EEB51F6663A100485EDB /* FancyCCTVTests */ = {
			isa = PBXGroup;
			children = (
				8511EEB61F6663A100485EDB /* FancyCCTVTests.swift */,
				8511EEB81F6663A100485EDB /* Info.plist */,
			);
			path = FancyCCTVTests;
			sourceTree = "<group>";
		};
		8511EEC11F66644F00485EDB /* Frameworks */ = {
			isa = PBXGroup;
			children = (
				8511EEC21F66644F00485EDB /* IJKMediaFramework.framework */,
			);
			path = Frameworks;
			sourceTree = "<group>";
		};
		8511EEC31F66644F00485EDB /* ViewControllers */ = {
			isa = PBXGroup;
			children = (
				8511EEC41F66644F00485EDB /* RootViewController.swift */,
			);
			path = ViewControllers;
			sourceTree = "<group>";
		};
		8511EEC51F66644F00485EDB /* Views */ = {
			isa = PBXGroup;
			children = (
				8511EEC61F66644F00485EDB /* LeftTableView.swift */,
			);
			path = Views;
			sourceTree = "<group>";
		};
		8511EECA1F6664BC00485EDB /* Frameworks */ = {
			isa = PBXGroup;
			children = (
				8511EEE51F66653A00485EDB /* AudioToolbox.framework */,
				8511EEE31F66653200485EDB /* AVFoundation.framework */,
				8511EEE11F66652B00485EDB /* CoreGraphics.framework */,
				8511EEDF1F66652300485EDB /* CoreMedia.framework */,
				8511EEDD1F66651C00485EDB /* CoreVideo.framework */,
				8511EEDB1F66650100485EDB /* libbz2.tbd */,
				8511EED91F6664F700485EDB /* libz.tbd */,
				8511EED71F6664F000485EDB /* MediaPlayer.framework */,
				8511EED51F6664E300485EDB /* MobileCoreServices.framework */,
				8511EED31F6664DB00485EDB /* OpenGLES.framework */,
				8511EED11F6664D300485EDB /* QuartzCore.framework */,
				8511EECF1F6664C900485EDB /* UIKit.framework */,
				8511EECD1F6664C400485EDB /* VideoToolbox.framework */,
				8511EECB1F6664BC00485EDB /* libstdc++.tbd */,
			);
			name = Frameworks;
			sourceTree = "<group>";
		};
/* End PBXGroup section */

/* Begin PBXNativeTarget section */
		8511EE9D1F6663A100485EDB /* FancyCCTV */ = {
			isa = PBXNativeTarget;
			buildConfigurationList = 8511EEBB1F6663A100485EDB /* Build configuration list for PBXNativeTarget "FancyCCTV" */;
			buildPhases = (
				8511EE9A1F6663A100485EDB /* Sources */,
				8511EE9B1F6663A100485EDB /* Frameworks */,
				8511EE9C1F6663A100485EDB /* Resources */,
			);
			buildRules = (
			);
			dependencies = (
			);
			name = FancyCCTV;
			productName = FancyCCTV;
			productReference = 8511EE9E1F6663A100485EDB /* FancyCCTV.app */;
			productType = "com.apple.product-type.application";
		};
		8511EEB11F6663A100485EDB /* FancyCCTVTests */ = {
			isa = PBXNativeTarget;
			buildConfigurationList = 8511EEBE1F6663A100485EDB /* Build configuration list for PBXNativeTarget "FancyCCTVTests" */;
			buildPhases = (
				8511EEAE1F6663A100485EDB /* Sources */,
				8511EEAF1F6663A100485EDB /* Frameworks */,
				8511EEB01F6663A100485EDB /* Resources */,
			);
			buildRules = (
			);
			dependencies = (
				8511EEB41F6663A100485EDB /* PBXTargetDependency */,
			);
			name = FancyCCTVTests;
			productName = FancyCCTVTests;
			productReference = 8511EEB21F6663A100485EDB /* FancyCCTVTests.xctest */;
			productType = "com.apple.product-type.bundle.unit-test";
		};
/* End PBXNativeTarget section */

/* Begin PBXProject section */
		8511EE961F6663A100485EDB /* Project object */ = {
			isa = PBXProject;
			attributes = {
				LastSwiftUpdateCheck = 0830;
				LastUpgradeCheck = 0830;
				ORGANIZATIONNAME = cyt;
				TargetAttributes = {
					8511EE9D1F6663A100485EDB = {
						CreatedOnToolsVersion = 8.3.3;
						DevelopmentTeam = A9U23ZY9CQ;
						ProvisioningStyle = Automatic;
					};
					8511EEB11F6663A100485EDB = {
						CreatedOnToolsVersion = 8.3.3;
						DevelopmentTeam = A9U23ZY9CQ;
						ProvisioningStyle = Automatic;
						TestTargetID = 8511EE9D1F6663A100485EDB;
					};
				};
			};
			buildConfigurationList = 8511EE991F6663A100485EDB /* Build configuration list for PBXProject "FancyCCTV" */;
			compatibilityVersion = "Xcode 3.2";
			developmentRegion = English;
			hasScannedForEncodings = 0;
			knownRegions = (
				en,
				Base,
			);
			mainGroup = 8511EE951F6663A100485EDB;
			productRefGroup = 8511EE9F1F6663A100485EDB /* Products */;
			projectDirPath = "";
			projectRoot = "";
			targets = (
				8511EE9D1F6663A100485EDB /* FancyCCTV */,
				8511EEB11F6663A100485EDB /* FancyCCTVTests */,
			);
		};
/* End PBXProject section */

/* Begin PBXResourcesBuildPhase section */
		8511EE9C1F6663A100485EDB /* Resources */ = {
			isa = PBXResourcesBuildPhase;
			buildActionMask = 2147483647;
			files = (
				8511EEAC1F6663A100485EDB /* LaunchScreen.storyboard in Resources */,
				8511EEA91F6663A100485EDB /* Assets.xcassets in Resources */,
			);
			runOnlyForDeploymentPostprocessing = 0;
		};
		8511EEB01F6663A100485EDB /* Resources */ = {
			isa = PBXResourcesBuildPhase;
			buildActionMask = 2147483647;
			files = (
			);
			runOnlyForDeploymentPostprocessing = 0;
		};
/* End PBXResourcesBuildPhase section */

/* Begin PBXSourcesBuildPhase section */
		8511EE9A1F6663A100485EDB /* Sources */ = {
			isa = PBXSourcesBuildPhase;
			buildActionMask = 2147483647;
			files = (
				8511EEC81F66644F00485EDB /* RootViewController.swift in Sources */,
				8511EEA21F6663A100485EDB /* AppDelegate.swift in Sources */,
				8511EEC91F66644F00485EDB /* LeftTableView.swift in Sources */,
			);
			runOnlyForDeploymentPostprocessing = 0;
		};
		8511EEAE1F6663A100485EDB /* Sources */ = {
			isa = PBXSourcesBuildPhase;
			buildActionMask = 2147483647;
			files = (
				8511EEB71F6663A100485EDB /* FancyCCTVTests.swift in Sources */,
			);
			runOnlyForDeploymentPostprocessing = 0;
		};
/* End PBXSourcesBuildPhase section */

/* Begin PBXTargetDependency section */
		8511EEB41F6663A100485EDB /* PBXTargetDependency */ = {
			isa = PBXTargetDependency;
			target = 8511EE9D1F6663A100485EDB /* FancyCCTV */;
			targetProxy = 8511EEB31F6663A100485EDB /* PBXContainerItemProxy */;
		};
/* End PBXTargetDependency section */

/* Begin PBXVariantGroup section */
		8511EEAA1F6663A100485EDB /* LaunchScreen.storyboard */ = {
			isa = PBXVariantGroup;
			children = (
				8511EEAB1F6663A100485EDB /* Base */,
			);
			name = LaunchScreen.storyboard;
			sourceTree = "<group>";
		};
/* End PBXVariantGroup section */

/* Begin XCBuildConfiguration section */
		8511EEB91F6663A100485EDB /* Debug */ = {
			isa = XCBuildConfiguration;
			buildSettings = {
				ALWAYS_SEARCH_USER_PATHS = NO;
				CLANG_ANALYZER_NONNULL = YES;
				CLANG_ANALYZER_NUMBER_OBJECT_CONVERSION = YES_AGGRESSIVE;
				CLANG_CXX_LANGUAGE_STANDARD = "gnu++0x";
				CLANG_CXX_LIBRARY = "libc++";
				CLANG_ENABLE_MODULES = YES;
				CLANG_ENABLE_OBJC_ARC = YES;
				CLANG_WARN_BOOL_CONVERSION = YES;
				CLANG_WARN_CONSTANT_CONVERSION = YES;
				CLANG_WARN_DIRECT_OBJC_ISA_USAGE = YES_ERROR;
				CLANG_WARN_DOCUMENTATION_COMMENTS = YES;
				CLANG_WARN_EMPTY_BODY = YES;
				CLANG_WARN_ENUM_CONVERSION = YES;
				CLANG_WARN_INFINITE_RECURSION = YES;
				CLANG_WARN_INT_CONVERSION = YES;
				CLANG_WARN_OBJC_ROOT_CLASS = YES_ERROR;
				CLANG_WARN_SUSPICIOUS_MOVE = YES;
				CLANG_WARN_UNREACHABLE_CODE = YES;
				CLANG_WARN__DUPLICATE_METHOD_MATCH = YES;
				"CODE_SIGN_IDENTITY[sdk=iphoneos*]" = "iPhone Developer";
				COPY_PHASE_STRIP = NO;
				DEBUG_INFORMATION_FORMAT = dwarf;
				ENABLE_STRICT_OBJC_MSGSEND = YES;
				ENABLE_TESTABILITY = YES;
				GCC_C_LANGUAGE_STANDARD = gnu99;
				GCC_DYNAMIC_NO_PIC = NO;
				GCC_NO_COMMON_BLOCKS = YES;
				GCC_OPTIMIZATION_LEVEL = 0;
				GCC_PREPROCESSOR_DEFINITIONS = (
					"DEBUG=1",
					"$(inherited)",
				);
				GCC_WARN_64_TO_32_BIT_CONVERSION = YES;
				GCC_WARN_ABOUT_RETURN_TYPE = YES_ERROR;
				GCC_WARN_UNDECLARED_SELECTOR = YES;
				GCC_WARN_UNINITIALIZED_AUTOS = YES_AGGRESSIVE;
				GCC_WARN_UNUSED_FUNCTION = YES;
				GCC_WARN_UNUSED_VARIABLE = YES;
				IPHONEOS_DEPLOYMENT_TARGET = 10.3;
				MTL_ENABLE_DEBUG_INFO = YES;
				ONLY_ACTIVE_ARCH = YES;
				SDKROOT = iphoneos;
				SWIFT_ACTIVE_COMPILATION_CONDITIONS = DEBUG;
				SWIFT_OPTIMIZATION_LEVEL = "-Onone";
			};
			name = Debug;
		};
		8511EEBA1F6663A100485EDB /* Release */ = {
			isa = XCBuildConfiguration;
			buildSettings = {
				ALWAYS_SEARCH_USER_PATHS = NO;
				CLANG_ANALYZER_NONNULL = YES;
				CLANG_ANALYZER_NUMBER_OBJECT_CONVERSION = YES_AGGRESSIVE;
				CLANG_CXX_LANGUAGE_STANDARD = "gnu++0x";
				CLANG_CXX_LIBRARY = "libc++";
				CLANG_ENABLE_MODULES = YES;
				CLANG_ENABLE_OBJC_ARC = YES;
				CLANG_WARN_BOOL_CONVERSION = YES;
				CLANG_WARN_CONSTANT_CONVERSION = YES;
				CLANG_WARN_DIRECT_OBJC_ISA_USAGE = YES_ERROR;
				CLANG_WARN_DOCUMENTATION_COMMENTS = YES;
				CLANG_WARN_EMPTY_BODY = YES;
				CLANG_WARN_ENUM_CONVERSION = YES;
				CLANG_WARN_INFINITE_RECURSION = YES;
				CLANG_WARN_INT_CONVERSION = YES;
				CLANG_WARN_OBJC_ROOT_CLASS = YES_ERROR;
				CLANG_WARN_SUSPICIOUS_MOVE = YES;
				CLANG_WARN_UNREACHABLE_CODE = YES;
				CLANG_WARN__DUPLICATE_METHOD_MATCH = YES;
				"CODE_SIGN_IDENTITY[sdk=iphoneos*]" = "iPhone Developer";
				COPY_PHASE_STRIP = NO;
				DEBUG_INFORMATION_FORMAT = "dwarf-with-dsym";
				ENABLE_NS_ASSERTIONS = NO;
				ENABLE_STRICT_OBJC_MSGSEND = YES;
				GCC_C_LANGUAGE_STANDARD = gnu99;
				GCC_NO_COMMON_BLOCKS = YES;
				GCC_WARN_64_TO_32_BIT_CONVERSION = YES;
				GCC_WARN_ABOUT_RETURN_TYPE = YES_ERROR;
				GCC_WARN_UNDECLARED_SELECTOR = YES;
				GCC_WARN_UNINITIALIZED_AUTOS = YES_AGGRESSIVE;
				GCC_WARN_UNUSED_FUNCTION = YES;
				GCC_WARN_UNUSED_VARIABLE = YES;
				IPHONEOS_DEPLOYMENT_TARGET = 10.3;
				MTL_ENABLE_DEBUG_INFO = NO;
				SDKROOT = iphoneos;
				SWIFT_OPTIMIZATION_LEVEL = "-Owholemodule";
				VALIDATE_PRODUCT = YES;
			};
			name = Release;
		};
		8511EEBC1F6663A100485EDB /* Debug */ = {
			isa = XCBuildConfiguration;
			buildSettings = {
				ASSETCATALOG_COMPILER_APPICON_NAME = AppIcon;
				DEVELOPMENT_TEAM = A9U23ZY9CQ;
				FRAMEWORK_SEARCH_PATHS = (
					"$(inherited)",
					"$(PROJECT_DIR)/FancyCCTV/Frameworks",
				);
				INFOPLIST_FILE = FancyCCTV/Info.plist;
				LD_RUNPATH_SEARCH_PATHS = "$(inherited) @executable_path/Frameworks";
				PRODUCT_BUNDLE_IDENTIFIER = com.youbo.FancyCCTV;
				PRODUCT_NAME = "$(TARGET_NAME)";
				SWIFT_VERSION = 3.0;
			};
			name = Debug;
		};
		8511EEBD1F6663A100485EDB /* Release */ = {
			isa = XCBuildConfiguration;
			buildSettings = {
				ASSETCATALOG_COMPILER_APPICON_NAME = AppIcon;
				DEVELOPMENT_TEAM = A9U23ZY9CQ;
				FRAMEWORK_SEARCH_PATHS = (
					"$(inherited)",
					"$(PROJECT_DIR)/FancyCCTV/Frameworks",
				);
				INFOPLIST_FILE = FancyCCTV/Info.plist;
				LD_RUNPATH_SEARCH_PATHS = "$(inherited) @executable_path/Frameworks";
				PRODUCT_BUNDLE_IDENTIFIER = com.youbo.FancyCCTV;
				PRODUCT_NAME = "$(TARGET_NAME)";
				SWIFT_VERSION = 3.0;
			};
			name = Release;
		};
		8511EEBF1F6663A100485EDB /* Debug */ = {
			isa = XCBuildConfiguration;
			buildSettings = {
				ALWAYS_EMBED_SWIFT_STANDARD_LIBRARIES = YES;
				BUNDLE_LOADER = "$(TEST_HOST)";
				DEVELOPMENT_TEAM = A9U23ZY9CQ;
				INFOPLIST_FILE = FancyCCTVTests/Info.plist;
				LD_RUNPATH_SEARCH_PATHS = "$(inherited) @executable_path/Frameworks @loader_path/Frameworks";
				PRODUCT_BUNDLE_IDENTIFIER = com.youbo.FancyCCTVTests;
				PRODUCT_NAME = "$(TARGET_NAME)";
				SWIFT_VERSION = 3.0;
				TEST_HOST = "$(BUILT_PRODUCTS_DIR)/FancyCCTV.app/FancyCCTV";
			};
			name = Debug;
		};
		8511EEC01F6663A100485EDB /* Release */ = {
			isa = XCBuildConfiguration;
			buildSettings = {
				ALWAYS_EMBED_SWIFT_STANDARD_LIBRARIES = YES;
				BUNDLE_LOADER = "$(TEST_HOST)";
				DEVELOPMENT_TEAM = A9U23ZY9CQ;
				INFOPLIST_FILE = FancyCCTVTests/Info.plist;
				LD_RUNPATH_SEARCH_PATHS = "$(inherited) @executable_path/Frameworks @loader_path/Frameworks";
				PRODUCT_BUNDLE_IDENTIFIER = com.youbo.FancyCCTVTests;
				PRODUCT_NAME = "$(TARGET_NAME)";
				SWIFT_VERSION = 3.0;
				TEST_HOST = "$(BUILT_PRODUCTS_DIR)/FancyCCTV.app/FancyCCTV";
			};
			name = Release;
		};
/* End XCBuildConfiguration section */

/* Begin XCConfigurationList section */
		8511EE991F6663A100485EDB /* Build configuration list for PBXProject "FancyCCTV" */ = {
			isa = XCConfigurationList;
			buildConfigurations = (
				8511EEB91F6663A100485EDB /* Debug */,
				8511EEBA1F6663A100485EDB /* Release */,
			);
			defaultConfigurationIsVisible = 0;
			defaultConfigurationName = Release;
		};
		8511EEBB1F6663A100485EDB /* Build configuration list for PBXNativeTarget "FancyCCTV" */ = {
			isa = XCConfigurationList;
			buildConfigurations = (
				8511EEBC1F6663A100485EDB /* Debug */,
				8511EEBD1F6663A100485EDB /* Release */,
			);
			defaultConfigurationIsVisible = 0;
		};
		8511EEBE1F6663A100485EDB /* Build configuration list for PBXNativeTarget "FancyCCTVTests" */ = {
			isa = XCConfigurationList;
			buildConfigurations = (
				8511EEBF1F6663A100485EDB /* Debug */,
				8511EEC01F6663A100485EDB /* Release */,
			);
			defaultConfigurationIsVisible = 0;
		};
/* End XCConfigurationList section */
	};
	rootObject = 8511EE961F6663A100485EDB /* Project object */;
}
